[[package]]
category = "main"
description = "Easy terminal colors, with chainable methods.\n"
name = "colr"
optional = false
python-versions = "*"
version = "0.9.1"

[[package]]
category = "main"
description = "Pythonic argument parser, that will make you smile"
name = "docopt"
optional = false
python-versions = "*"
version = "0.6.2"

[[package]]
category = "main"
description = "Fuzzy string matching in python"
name = "fuzzywuzzy"
optional = false
python-versions = "*"
version = "0.18.0"

[package.extras]
speedup = ["python-levenshtein (>=0.12)"]

[[package]]
category = "main"
description = "a modern parsing library"
name = "lark-parser"
optional = false
python-versions = "*"
version = "0.8.1"

[[package]]
category = "main"
description = "Python extension for computing string edit distances and similarities."
name = "python-levenshtein"
optional = false
python-versions = "*"
version = "0.12.0"

[package.dependencies]
setuptools = "*"

[[package]]
category = "main"
description = "ANSII Color formatting for output in terminal."
name = "termcolor"
optional = false
python-versions = "*"
version = "1.1.0"

[[package]]
category = "main"
description = "ASCII transliterations of Unicode text"
name = "unidecode"
optional = false
python-versions = ">=2.7, !=3.0.*, !=3.1.*, !=3.2.*, !=3.3.*"
version = "1.1.1"

[metadata]
content-hash = "986b3ceb0a2bcefc17e6d53f61151250f1b35c75b078c9c8e2b59b9969e05224"
python-versions = "^3.6"

[metadata.files]
colr = [
    {file = "Colr-0.9.1.tar.gz", hash = "sha256:8c15437eeb2ec8821c6df24b62946dfc6b79f69a1d84c1a6c131945a5ff4623c"},
]
docopt = [
    {file = "docopt-0.6.2.tar.gz", hash = "sha256:49b3a825280bd66b3aa83585ef59c4a8c82f2c8a522dbe754a8bc8d08c85c491"},
]
fuzzywuzzy = [
    {file = "fuzzywuzzy-0.18.0-py2.py3-none-any.whl", hash = "sha256:928244b28db720d1e0ee7587acf660ea49d7e4c632569cad4f1cd7e68a5f0993"},
    {file = "fuzzywuzzy-0.18.0.tar.gz", hash = "sha256:45016e92264780e58972dca1b3d939ac864b78437422beecebb3095f8efd00e8"},
]
lark-parser = [
    {file = "lark-parser-0.8.1.tar.gz", hash = "sha256:b9f4e4711b0837d682051009d232e6df6b37a1278db4568a8221124bb8c1dc8a"},
]
python-levenshtein = [
    {file = "python-Levenshtein-0.12.0.tar.gz", hash = "sha256:033a11de5e3d19ea25c9302d11224e1a1898fe5abd23c61c7c360c25195e3eb1"},
]
termcolor = [
    {file = "termcolor-1.1.0.tar.gz", hash = "sha256:1d6d69ce66211143803fbc56652b41d73b4a400a2891d7bf7a1cdf4c02de613b"},
]
unidecode = [
    {file = "Unidecode-1.1.1-py2.py3-none-any.whl", hash = "sha256:1d7a042116536098d05d599ef2b8616759f02985c85b4fef50c78a5aaf10822a"},
    {file = "Unidecode-1.1.1.tar.gz", hash = "sha256:2b6aab710c2a1647e928e36d69c21e76b453cd455f4e2621000e54b2a9b8cce8"},
]
